
Microsoft Visual Studio Solution File, Format Version 12.00
# Visual Studio Version 17
VisualStudioVersion = 17.4.33205.214
MinimumVisualStudioVersion = 10.0.40219.1
Project("{FAE04EC0-301F-11D3-BF4B-00C04F79EFBC}") = "GeometryTest", "GeometryTest.csproj", "{5082D40B-238E-4832-BB33-3189BD86B582}"
EndProject
Global
	GlobalSection(SolutionConfigurationPlatforms) = preSolution
		Debug|Any CPU = Debug|Any CPU
		Release|Any CPU = Release|Any CPU
	EndGlobalSection
	GlobalSection(ProjectConfigurationPlatforms) = postSolution
		{5082D40B-238E-4832-BB33-3189BD86B582}.Debug|Any CPU.ActiveCfg = Debug|Any CPU
		{5082D40B-238E-4832-BB33-3189BD86B582}.Debug|Any CPU.Build.0 = Debug|Any CPU
		{5082D40B-238E-4832-BB33-3189BD86B582}.Release|Any CPU.ActiveCfg = Release|Any CPU
		{5082D40B-238E-4832-BB33-3189BD86B582}.Release|Any CPU.Build.0 = Release|Any CPU
	EndGlobalSection
	GlobalSection(SolutionProperties) = preSolution
		HideSolutionNode = FALSE
	EndGlobalSection
	GlobalSection(ExtensibilityGlobals) = postSolution
		SolutionGuid = {044638CD-A561-447C-BF12-227E4AA83A93}
	EndGlobalSection
EndGlobal
